
Microsoft Visual Studio Solution File, Format Version 12.00
Project("{2150E333-8FDC-42A3-9474-1A3956D46DE8}") = "src", "src", "{B3E29A26-115A-4F9F-AE9F-8B329F51420A}"
EndProject
Project("{2150E333-8FDC-42A3-9474-1A3956D46DE8}") = "BasketService", "BasketService", "{7D7AB414-64C4-4761-80DB-D2C672219CAE}"
EndProject
Project("{2150E333-8FDC-42A3-9474-1A3956D46DE8}") = "CatalogService", "CatalogService", "{B3FF0ED1-C53E-4337-8A1A-43D7F29045C5}"
EndProject
Project("{2150E333-8FDC-42A3-9474-1A3956D46DE8}") = "OrdersService", "OrdersService", "{197330E8-423C-4F0B-8653-64640C31BBF7}"
EndProject
Project("{FAE04EC0-301F-11D3-BF4B-00C04F79EFBC}") = "BasketService.WebApi", "src\BasketService\BasketService.WebApi\BasketService.WebApi.csproj", "{4BD5CB5D-D2C0-440B-A5D4-3EA0F563307F}"
EndProject
Project("{FAE04EC0-301F-11D3-BF4B-00C04F79EFBC}") = "CatalogService.WebApi", "src\CatalogService\CatalogService.WebApi\CatalogService.WebApi.csproj", "{EA785D4D-AA6C-4332-B5EB-3F27F2B796D2}"
EndProject
Project("{FAE04EC0-301F-11D3-BF4B-00C04F79EFBC}") = "OrdersService.WebApi", "src\OrdersService\OrdersService.WebApi\OrdersService.WebApi.csproj", "{166A4DA5-8ABC-406B-B6AB-690C93D603BC}"
EndProject
Project("{2150E333-8FDC-42A3-9474-1A3956D46DE8}") = "Clients", "Clients", "{0333F560-A68C-4A42-86A5-C0F443C9626B}"
EndProject
Project("{2150E333-8FDC-42A3-9474-1A3956D46DE8}") = "WebRazorClient", "WebRazorClient", "{7CF620F6-B9E1-42EC-B984-ED5AE4EE1B29}"
EndProject
Project("{2150E333-8FDC-42A3-9474-1A3956D46DE8}") = "WebBlazorClient", "WebBlazorClient", "{B3803346-EE28-4DD5-B544-7400CC4484EE}"
EndProject
Project("{2150E333-8FDC-42A3-9474-1A3956D46DE8}") = "AngularWebClient", "AngularWebClient", "{D1CACB3D-E59D-49D6-9216-06E6990877E1}"
EndProject
Global
	GlobalSection(SolutionConfigurationPlatforms) = preSolution
		Debug|Any CPU = Debug|Any CPU
		Release|Any CPU = Release|Any CPU
	EndGlobalSection
	GlobalSection(NestedProjects) = preSolution
		{7D7AB414-64C4-4761-80DB-D2C672219CAE} = {B3E29A26-115A-4F9F-AE9F-8B329F51420A}
		{B3FF0ED1-C53E-4337-8A1A-43D7F29045C5} = {B3E29A26-115A-4F9F-AE9F-8B329F51420A}
		{197330E8-423C-4F0B-8653-64640C31BBF7} = {B3E29A26-115A-4F9F-AE9F-8B329F51420A}
		{4BD5CB5D-D2C0-440B-A5D4-3EA0F563307F} = {7D7AB414-64C4-4761-80DB-D2C672219CAE}
		{EA785D4D-AA6C-4332-B5EB-3F27F2B796D2} = {B3FF0ED1-C53E-4337-8A1A-43D7F29045C5}
		{166A4DA5-8ABC-406B-B6AB-690C93D603BC} = {197330E8-423C-4F0B-8653-64640C31BBF7}
		{0333F560-A68C-4A42-86A5-C0F443C9626B} = {B3E29A26-115A-4F9F-AE9F-8B329F51420A}
		{7CF620F6-B9E1-42EC-B984-ED5AE4EE1B29} = {0333F560-A68C-4A42-86A5-C0F443C9626B}
		{B3803346-EE28-4DD5-B544-7400CC4484EE} = {0333F560-A68C-4A42-86A5-C0F443C9626B}
		{D1CACB3D-E59D-49D6-9216-06E6990877E1} = {0333F560-A68C-4A42-86A5-C0F443C9626B}
	EndGlobalSection
	GlobalSection(ProjectConfigurationPlatforms) = postSolution
		{4BD5CB5D-D2C0-440B-A5D4-3EA0F563307F}.Debug|Any CPU.ActiveCfg = Debug|Any CPU
		{4BD5CB5D-D2C0-440B-A5D4-3EA0F563307F}.Debug|Any CPU.Build.0 = Debug|Any CPU
		{4BD5CB5D-D2C0-440B-A5D4-3EA0F563307F}.Release|Any CPU.ActiveCfg = Release|Any CPU
		{4BD5CB5D-D2C0-440B-A5D4-3EA0F563307F}.Release|Any CPU.Build.0 = Release|Any CPU
		{EA785D4D-AA6C-4332-B5EB-3F27F2B796D2}.Debug|Any CPU.ActiveCfg = Debug|Any CPU
		{EA785D4D-AA6C-4332-B5EB-3F27F2B796D2}.Debug|Any CPU.Build.0 = Debug|Any CPU
		{EA785D4D-AA6C-4332-B5EB-3F27F2B796D2}.Release|Any CPU.ActiveCfg = Release|Any CPU
		{EA785D4D-AA6C-4332-B5EB-3F27F2B796D2}.Release|Any CPU.Build.0 = Release|Any CPU
		{166A4DA5-8ABC-406B-B6AB-690C93D603BC}.Debug|Any CPU.ActiveCfg = Debug|Any CPU
		{166A4DA5-8ABC-406B-B6AB-690C93D603BC}.Debug|Any CPU.Build.0 = Debug|Any CPU
		{166A4DA5-8ABC-406B-B6AB-690C93D603BC}.Release|Any CPU.ActiveCfg = Release|Any CPU
		{166A4DA5-8ABC-406B-B6AB-690C93D603BC}.Release|Any CPU.Build.0 = Release|Any CPU
	EndGlobalSection
EndGlobal
